// !$*UTF8*$!
{
	archiveVersion = 1;
	classes = {
	};
	objectVersion = 55;
	objects = {

/* Begin PBXBuildFile section */
		B12C486D28B02F0E004A442D /* ReadMe.md in Resources */ = {isa = PBXBuildFile; fileRef = B12C486C28B02F0E004A442D /* ReadMe.md */; };
		B12C487428B040EE004A442D /* image2.png in Resources */ = {isa = PBXBuildFile; fileRef = B12C486F28B040EE004A442D /* image2.png */; };
		B12C487528B040EE004A442D /* image3.png in Resources */ = {isa = PBXBuildFile; fileRef = B12C487028B040EE004A442D /* image3.png */; };
		B12C487628B040EE004A442D /* image1.png in Resources */ = {isa = PBXBuildFile; fileRef = B12C487128B040EE004A442D /* image1.png */; };
		B12C487728B040EE004A442D /* image4.png in Resources */ = {isa = PBXBuildFile; fileRef = B12C487228B040EE004A442D /* image4.png */; };
		B12C487828B040EE004A442D /* image5.png in Resources */ = {isa = PBXBuildFile; fileRef = B12C487328B040EE004A442D /* image5.png */; };
		B141BBDD2889DF2C00EAB475 /* AppDelegate.swift in Sources */ = {isa = PBXBuildFile; fileRef = B141BBDC2889DF2C00EAB475 /* AppDelegate.swift */; };
		B141BBDF2889DF2C00EAB475 /* SceneDelegate.swift in Sources */ = {isa = PBXBuildFile; fileRef = B141BBDE2889DF2C00EAB475 /* SceneDelegate.swift */; };
		B141BBE12889DF2C00EAB475 /* DisplayDataList.swift in Sources */ = {isa = PBXBuildFile; fileRef = B141BBE02889DF2C00EAB475 /* DisplayDataList.swift */; };
		B141BBE42889DF2C00EAB475 /* Main.storyboard in Resources */ = {isa = PBXBuildFile; fileRef = B141BBE22889DF2C00EAB475 /* Main.storyboard */; };
		B141BBE62889DF2E00EAB475 /* Assets.xcassets in Resources */ = {isa = PBXBuildFile; fileRef = B141BBE52889DF2E00EAB475 /* Assets.xcassets */; };
		B141BBE92889DF2E00EAB475 /* LaunchScreen.storyboard in Resources */ = {isa = PBXBuildFile; fileRef = B141BBE72889DF2E00EAB475 /* LaunchScreen.storyboard */; };
		B141BBF12889F65600EAB475 /* InputDataForm.swift in Sources */ = {isa = PBXBuildFile; fileRef = B141BBF02889F65600EAB475 /* InputDataForm.swift */; };
		B17EF4A82898772100F03B80 /* DisplayDataListCell.swift in Sources */ = {isa = PBXBuildFile; fileRef = B17EF4A72898772100F03B80 /* DisplayDataListCell.swift */; };
		B188C2472894890100CEFDC3 /* CommonFunctions.swift in Sources */ = {isa = PBXBuildFile; fileRef = B188C2462894890100CEFDC3 /* CommonFunctions.swift */; };
		B188C24928948FD100CEFDC3 /* DBFunctions.swift in Sources */ = {isa = PBXBuildFile; fileRef = B188C24828948FD100CEFDC3 /* DBFunctions.swift */; };
		B190D90828975AD6000CAE9B /* Friend.swift in Sources */ = {isa = PBXBuildFile; fileRef = B190D90728975AD6000CAE9B /* Friend.swift */; };
/* End PBXBuildFile section */

/* Begin PBXFileReference section */
		B12C486C28B02F0E004A442D /* ReadMe.md */ = {isa = PBXFileReference; lastKnownFileType = net.daringfireball.markdown; path = ReadMe.md; sourceTree = "<group>"; };
		B12C486F28B040EE004A442D /* image2.png */ = {isa = PBXFileReference; lastKnownFileType = image.png; name = image2.png; path = ../../../../../Desktop/image2.png; sourceTree = "<group>"; };
		B12C487028B040EE004A442D /* image3.png */ = {isa = PBXFileReference; lastKnownFileType = image.png; name = image3.png; path = ../../../../../Desktop/image3.png; sourceTree = "<group>"; };
		B12C487128B040EE004A442D /* image1.png */ = {isa = PBXFileReference; lastKnownFileType = image.png; name = image1.png; path = ../../../../../Desktop/image1.png; sourceTree = "<group>"; };
		B12C487228B040EE004A442D /* image4.png */ = {isa = PBXFileReference; lastKnownFileType = image.png; name = image4.png; path = ../../../../../Desktop/image4.png; sourceTree = "<group>"; };
		B12C487328B040EE004A442D /* image5.png */ = {isa = PBXFileReference; lastKnownFileType = image.png; name = image5.png; path = ../../../../../Desktop/image5.png; sourceTree = "<group>"; };
		B141BBD92889DF2C00EAB475 /* RemindMe.app */ = {isa = PBXFileReference; explicitFileType = wrapper.application; includeInIndex = 0; path = RemindMe.app; sourceTree = BUILT_PRODUCTS_DIR; };
		B141BBDC2889DF2C00EAB475 /* AppDelegate.swift */ = {isa = PBXFileReference; lastKnownFileType = sourcecode.swift; path = AppDelegate.swift; sourceTree = "<group>"; };
		B141BBDE2889DF2C00EAB475 /* SceneDelegate.swift */ = {isa = PBXFileReference; lastKnownFileType = sourcecode.swift; path = SceneDelegate.swift; sourceTree = "<group>"; };
		B141BBE02889DF2C00EAB475 /* DisplayDataList.swift */ = {isa = PBXFileReference; lastKnownFileType = sourcecode.swift; path = DisplayDataList.swift; sourceTree = "<group>"; };
		B141BBE32889DF2C00EAB475 /* Base */ = {isa = PBXFileReference; lastKnownFileType = file.storyboard; name = Base; path = Base.lproj/Main.storyboard; sourceTree = "<group>"; };
		B141BBE52889DF2E00EAB475 /* Assets.xcassets */ = {isa = PBXFileReference; lastKnownFileType = folder.assetcatalog; path = Assets.xcassets; sourceTree = "<group>"; };
		B141BBE82889DF2E00EAB475 /* Base */ = {isa = PBXFileReference; lastKnownFileType = file.storyboard; name = Base; path = Base.lproj/LaunchScreen.storyboard; sourceTree = "<group>"; };
		B141BBEA2889DF2E00EAB475 /* Info.plist */ = {isa = PBXFileReference; lastKnownFileType = text.plist.xml; path = Info.plist; sourceTree = "<group>"; };
		B141BBF02889F65600EAB475 /* InputDataForm.swift */ = {isa = PBXFileReference; lastKnownFileType = sourcecode.swift; path = InputDataForm.swift; sourceTree = "<group>"; };
		B17EF4A72898772100F03B80 /* DisplayDataListCell.swift */ = {isa = PBXFileReference; lastKnownFileType = sourcecode.swift; path = DisplayDataListCell.swift; sourceTree = "<group>"; };
		B188C2462894890100CEFDC3 /* CommonFunctions.swift */ = {isa = PBXFileReference; lastKnownFileType = sourcecode.swift; path = CommonFunctions.swift; sourceTree = "<group>"; };
		B188C24828948FD100CEFDC3 /* DBFunctions.swift */ = {isa = PBXFileReference; lastKnownFileType = sourcecode.swift; path = DBFunctions.swift; sourceTree = "<group>"; };
		B190D90728975AD6000CAE9B /* Friend.swift */ = {isa = PBXFileReference; lastKnownFileType = sourcecode.swift; path = Friend.swift; sourceTree = "<group>"; };
/* End PBXFileReference section */

/* Begin PBXFrameworksBuildPhase section */
		B141BBD62889DF2C00EAB475 /* Frameworks */ = {
			isa = PBXFrameworksBuildPhase;
			buildActionMask = 2147483647;
			files = (
			);
			runOnlyForDeploymentPostprocessing = 0;
		};
/* End PBXFrameworksBuildPhase section */

/* Begin PBXGroup section */
		B12C486E28B03FE9004A442D /* Images */ = {
			isa = PBXGroup;
			children = (
				B12C487128B040EE004A442D /* image1.png */,
				B12C486F28B040EE004A442D /* image2.png */,
				B12C487028B040EE004A442D /* image3.png */,
				B12C487228B040EE004A442D /* image4.png */,
				B12C487328B040EE004A442D /* image5.png */,
			);
			path = Images;
			sourceTree = "<group>";
		};
		B141BBD02889DF2C00EAB475 = {
			isa = PBXGroup;
			children = (
				B141BBDB2889DF2C00EAB475 /* RemindMe */,
				B141BBDA2889DF2C00EAB475 /* Products */,
			);
			sourceTree = "<group>";
		};
		B141BBDA2889DF2C00EAB475 /* Products */ = {
			isa = PBXGroup;
			children = (
				B141BBD92889DF2C00EAB475 /* RemindMe.app */,
			);
			name = Products;
			sourceTree = "<group>";
		};
		B141BBDB2889DF2C00EAB475 /* RemindMe */ = {
			isa = PBXGroup;
			children = (
				B12C486E28B03FE9004A442D /* Images */,
				B141BBDC2889DF2C00EAB475 /* AppDelegate.swift */,
				B141BBDE2889DF2C00EAB475 /* SceneDelegate.swift */,
				B141BBE02889DF2C00EAB475 /* DisplayDataList.swift */,
				B17EF4A72898772100F03B80 /* DisplayDataListCell.swift */,
				B141BBF02889F65600EAB475 /* InputDataForm.swift */,
				B188C2462894890100CEFDC3 /* CommonFunctions.swift */,
				B188C24828948FD100CEFDC3 /* DBFunctions.swift */,
				B190D90728975AD6000CAE9B /* Friend.swift */,
				B141BBE22889DF2C00EAB475 /* Main.storyboard */,
				B141BBE52889DF2E00EAB475 /* Assets.xcassets */,
				B141BBE72889DF2E00EAB475 /* LaunchScreen.storyboard */,
				B141BBEA2889DF2E00EAB475 /* Info.plist */,
				B12C486C28B02F0E004A442D /* ReadMe.md */,
			);
			path = RemindMe;
			sourceTree = "<group>";
		};
/* End PBXGroup section */

/* Begin PBXNativeTarget section */
		B141BBD82889DF2C00EAB475 /* RemindMe */ = {
			isa = PBXNativeTarget;
			buildConfigurationList = B141BBED2889DF2E00EAB475 /* Build configuration list for PBXNativeTarget "RemindMe" */;
			buildPhases = (
				B141BBD52889DF2C00EAB475 /* Sources */,
				B141BBD62889DF2C00EAB475 /* Frameworks */,
				B141BBD72889DF2C00EAB475 /* Resources */,
			);
			buildRules = (
			);
			dependencies = (
			);
			name = RemindMe;
			productName = RemindMe;
			productReference = B141BBD92889DF2C00EAB475 /* RemindMe.app */;
			productType = "com.apple.product-type.application";
		};
/* End PBXNativeTarget section */

/* Begin PBXProject section */
		B141BBD12889DF2C00EAB475 /* Project object */ = {
			isa = PBXProject;
			attributes = {
				BuildIndependentTargetsInParallel = 1;
				LastSwiftUpdateCheck = 1340;
				LastUpgradeCheck = 1340;
				TargetAttributes = {
					B141BBD82889DF2C00EAB475 = {
						CreatedOnToolsVersion = 13.4.1;
					};
				};
			};
			buildConfigurationList = B141BBD42889DF2C00EAB475 /* Build configuration list for PBXProject "RemindMe" */;
			compatibilityVersion = "Xcode 13.0";
			developmentRegion = en;
			hasScannedForEncodings = 0;
			knownRegions = (
				en,
				Base,
			);
			mainGroup = B141BBD02889DF2C00EAB475;
			productRefGroup = B141BBDA2889DF2C00EAB475 /* Products */;
			projectDirPath = "";
			projectRoot = "";
			targets = (
				B141BBD82889DF2C00EAB475 /* RemindMe */,
			);
		};
/* End PBXProject section */

/* Begin PBXResourcesBuildPhase section */
		B141BBD72889DF2C00EAB475 /* Resources */ = {
			isa = PBXResourcesBuildPhase;
			buildActionMask = 2147483647;
			files = (
				B12C487628B040EE004A442D /* image1.png in Resources */,
				B141BBE92889DF2E00EAB475 /* LaunchScreen.storyboard in Resources */,
				B12C487528B040EE004A442D /* image3.png in Resources */,
				B12C487428B040EE004A442D /* image2.png in Resources */,
				B12C487728B040EE004A442D /* image4.png in Resources */,
				B12C487828B040EE004A442D /* image5.png in Resources */,
				B141BBE62889DF2E00EAB475 /* Assets.xcassets in Resources */,
				B12C486D28B02F0E004A442D /* ReadMe.md in Resources */,
				B141BBE42889DF2C00EAB475 /* Main.storyboard in Resources */,
			);
			runOnlyForDeploymentPostprocessing = 0;
		};
/* End PBXResourcesBuildPhase section */

/* Begin PBXSourcesBuildPhase section */
		B141BBD52889DF2C00EAB475 /* Sources */ = {
			isa = PBXSourcesBuildPhase;
			buildActionMask = 2147483647;
			files = (
				B17EF4A82898772100F03B80 /* DisplayDataListCell.swift in Sources */,
				B141BBF12889F65600EAB475 /* InputDataForm.swift in Sources */,
				B190D90828975AD6000CAE9B /* Friend.swift in Sources */,
				B141BBE12889DF2C00EAB475 /* DisplayDataList.swift in Sources */,
				B188C2472894890100CEFDC3 /* CommonFunctions.swift in Sources */,
				B188C24928948FD100CEFDC3 /* DBFunctions.swift in Sources */,
				B141BBDD2889DF2C00EAB475 /* AppDelegate.swift in Sources */,
				B141BBDF2889DF2C00EAB475 /* SceneDelegate.swift in Sources */,
			);
			runOnlyForDeploymentPostprocessing = 0;
		};
/* End PBXSourcesBuildPhase section */

/* Begin PBXVariantGroup section */
		B141BBE22889DF2C00EAB475 /* Main.storyboard */ = {
			isa = PBXVariantGroup;
			children = (
				B141BBE32889DF2C00EAB475 /* Base */,
			);
			name = Main.storyboard;
			sourceTree = "<group>";
		};
		B141BBE72889DF2E00EAB475 /* LaunchScreen.storyboard */ = {
			isa = PBXVariantGroup;
			children = (
				B141BBE82889DF2E00EAB475 /* Base */,
			);
			name = LaunchScreen.storyboard;
			sourceTree = "<group>";
		};
/* End PBXVariantGroup section */

/* Begin XCBuildConfiguration section */
		B141BBEB2889DF2E00EAB475 /* Debug */ = {
			isa = XCBuildConfiguration;
			buildSettings = {
				ALWAYS_SEARCH_USER_PATHS = NO;
				CLANG_ANALYZER_NONNULL = YES;
				CLANG_ANALYZER_NUMBER_OBJECT_CONVERSION = YES_AGGRESSIVE;
				CLANG_CXX_LANGUAGE_STANDARD = "gnu++17";
				CLANG_ENABLE_MODULES = YES;
				CLANG_ENABLE_OBJC_ARC = YES;
				CLANG_ENABLE_OBJC_WEAK = YES;
				CLANG_WARN_BLOCK_CAPTURE_AUTORELEASING = YES;
				CLANG_WARN_BOOL_CONVERSION = YES;
				CLANG_WARN_COMMA = YES;
				CLANG_WARN_CONSTANT_CONVERSION = YES;
				CLANG_WARN_DEPRECATED_OBJC_IMPLEMENTATIONS = YES;
				CLANG_WARN_DIRECT_OBJC_ISA_USAGE = YES_ERROR;
				CLANG_WARN_DOCUMENTATION_COMMENTS = YES;
				CLANG_WARN_EMPTY_BODY = YES;
				CLANG_WARN_ENUM_CONVERSION = YES;
				CLANG_WARN_INFINITE_RECURSION = YES;
				CLANG_WARN_INT_CONVERSION = YES;
				CLANG_WARN_NON_LITERAL_NULL_CONVERSION = YES;
				CLANG_WARN_OBJC_IMPLICIT_RETAIN_SELF = YES;
				CLANG_WARN_OBJC_LITERAL_CONVERSION = YES;
				CLANG_WARN_OBJC_ROOT_CLASS = YES_ERROR;
				CLANG_WARN_QUOTED_INCLUDE_IN_FRAMEWORK_HEADER = YES;
				CLANG_WARN_RANGE_LOOP_ANALYSIS = YES;
				CLANG_WARN_STRICT_PROTOTYPES = YES;
				CLANG_WARN_SUSPICIOUS_MOVE = YES;
				CLANG_WARN_UNGUARDED_AVAILABILITY = YES_AGGRESSIVE;
				CLANG_WARN_UNREACHABLE_CODE = YES;
				CLANG_WARN__DUPLICATE_METHOD_MATCH = YES;
				COPY_PHASE_STRIP = NO;
				DEBUG_INFORMATION_FORMAT = dwarf;
				ENABLE_STRICT_OBJC_MSGSEND = YES;
				ENABLE_TESTABILITY = YES;
				GCC_C_LANGUAGE_STANDARD = gnu11;
				GCC_DYNAMIC_NO_PIC = NO;
				GCC_NO_COMMON_BLOCKS = YES;
				GCC_OPTIMIZATION_LEVEL = 0;
				GCC_PREPROCESSOR_DEFINITIONS = (
					"DEBUG=1",
					"$(inherited)",
				);
				GCC_WARN_64_TO_32_BIT_CONVERSION = YES;
				GCC_WARN_ABOUT_RETURN_TYPE = YES_ERROR;
				GCC_WARN_UNDECLARED_SELECTOR = YES;
				GCC_WARN_UNINITIALIZED_AUTOS = YES_AGGRESSIVE;
				GCC_WARN_UNUSED_FUNCTION = YES;
				GCC_WARN_UNUSED_VARIABLE = YES;
				IPHONEOS_DEPLOYMENT_TARGET = 15.5;
				MTL_ENABLE_DEBUG_INFO = INCLUDE_SOURCE;
				MTL_FAST_MATH = YES;
				ONLY_ACTIVE_ARCH = YES;
				SDKROOT = iphoneos;
				SWIFT_ACTIVE_COMPILATION_CONDITIONS = DEBUG;
				SWIFT_OPTIMIZATION_LEVEL = "-Onone";
			};
			name = Debug;
		};
		B141BBEC2889DF2E00EAB475 /* Release */ = {
			isa = XCBuildConfiguration;
			buildSettings = {
				ALWAYS_SEARCH_USER_PATHS = NO;
				CLANG_ANALYZER_NONNULL = YES;
				CLANG_ANALYZER_NUMBER_OBJECT_CONVERSION = YES_AGGRESSIVE;
				CLANG_CXX_LANGUAGE_STANDARD = "gnu++17";
				CLANG_ENABLE_MODULES = YES;
				CLANG_ENABLE_OBJC_ARC = YES;
				CLANG_ENABLE_OBJC_WEAK = YES;
				CLANG_WARN_BLOCK_CAPTURE_AUTORELEASING = YES;
				CLANG_WARN_BOOL_CONVERSION = YES;
				CLANG_WARN_COMMA = YES;
				CLANG_WARN_CONSTANT_CONVERSION = YES;
				CLANG_WARN_DEPRECATED_OBJC_IMPLEMENTATIONS = YES;
				CLANG_WARN_DIRECT_OBJC_ISA_USAGE = YES_ERROR;
				CLANG_WARN_DOCUMENTATION_COMMENTS = YES;
				CLANG_WARN_EMPTY_BODY = YES;
				CLANG_WARN_ENUM_CONVERSION = YES;
				CLANG_WARN_INFINITE_RECURSION = YES;
				CLANG_WARN_INT_CONVERSION = YES;
				CLANG_WARN_NON_LITERAL_NULL_CONVERSION = YES;
				CLANG_WARN_OBJC_IMPLICIT_RETAIN_SELF = YES;
				CLANG_WARN_OBJC_LITERAL_CONVERSION = YES;
				CLANG_WARN_OBJC_ROOT_CLASS = YES_ERROR;
				CLANG_WARN_QUOTED_INCLUDE_IN_FRAMEWORK_HEADER = YES;
				CLANG_WARN_RANGE_LOOP_ANALYSIS = YES;
				CLANG_WARN_STRICT_PROTOTYPES = YES;
				CLANG_WARN_SUSPICIOUS_MOVE = YES;
				CLANG_WARN_UNGUARDED_AVAILABILITY = YES_AGGRESSIVE;
				CLANG_WARN_UNREACHABLE_CODE = YES;
				CLANG_WARN__DUPLICATE_METHOD_MATCH = YES;
				COPY_PHASE_STRIP = NO;
				DEBUG_INFORMATION_FORMAT = "dwarf-with-dsym";
				ENABLE_NS_ASSERTIONS = NO;
				ENABLE_STRICT_OBJC_MSGSEND = YES;
				GCC_C_LANGUAGE_STANDARD = gnu11;
				GCC_NO_COMMON_BLOCKS = YES;
				GCC_WARN_64_TO_32_BIT_CONVERSION = YES;
				GCC_WARN_ABOUT_RETURN_TYPE = YES_ERROR;
				GCC_WARN_UNDECLARED_SELECTOR = YES;
				GCC_WARN_UNINITIALIZED_AUTOS = YES_AGGRESSIVE;
				GCC_WARN_UNUSED_FUNCTION = YES;
				GCC_WARN_UNUSED_VARIABLE = YES;
				IPHONEOS_DEPLOYMENT_TARGET = 15.5;
				MTL_ENABLE_DEBUG_INFO = NO;
				MTL_FAST_MATH = YES;
				SDKROOT = iphoneos;
				SWIFT_COMPILATION_MODE = wholemodule;
				SWIFT_OPTIMIZATION_LEVEL = "-O";
				VALIDATE_PRODUCT = YES;
			};
			name = Release;
		};
		B141BBEE2889DF2E00EAB475 /* Debug */ = {
			isa = XCBuildConfiguration;
			buildSettings = {
				ASSETCATALOG_COMPILER_APPICON_NAME = AppIcon;
				ASSETCATALOG_COMPILER_GLOBAL_ACCENT_COLOR_NAME = AccentColor;
				CODE_SIGN_STYLE = Automatic;
				CURRENT_PROJECT_VERSION = 1;
				DEVELOPMENT_TEAM = XQ4F78VC7G;
				GENERATE_INFOPLIST_FILE = YES;
				INFOPLIST_FILE = RemindMe/Info.plist;
				INFOPLIST_KEY_UIApplicationSupportsIndirectInputEvents = YES;
				INFOPLIST_KEY_UILaunchStoryboardName = LaunchScreen;
				INFOPLIST_KEY_UIMainStoryboardFile = Main;
				INFOPLIST_KEY_UISupportedInterfaceOrientations_iPad = "UIInterfaceOrientationPortrait UIInterfaceOrientationPortraitUpsideDown UIInterfaceOrientationLandscapeLeft UIInterfaceOrientationLandscapeRight";
				INFOPLIST_KEY_UISupportedInterfaceOrientations_iPhone = "UIInterfaceOrientationPortrait UIInterfaceOrientationLandscapeLeft UIInterfaceOrientationLandscapeRight";
				LD_RUNPATH_SEARCH_PATHS = (
					"$(inherited)",
					"@executable_path/Frameworks",
				);
				MARKETING_VERSION = 1.0;
				PRODUCT_BUNDLE_IDENTIFIER = com.binal.RemindMe;
				PRODUCT_NAME = "$(TARGET_NAME)";
				SWIFT_EMIT_LOC_STRINGS = YES;
				SWIFT_VERSION = 5.0;
				TARGETED_DEVICE_FAMILY = "1,2";
			};
			name = Debug;
		};
		B141BBEF2889DF2E00EAB475 /* Release */ = {
			isa = XCBuildConfiguration;
			buildSettings = {
				ASSETCATALOG_COMPILER_APPICON_NAME = AppIcon;
				ASSETCATALOG_COMPILER_GLOBAL_ACCENT_COLOR_NAME = AccentColor;
				CODE_SIGN_STYLE = Automatic;
				CURRENT_PROJECT_VERSION = 1;
				DEVELOPMENT_TEAM = XQ4F78VC7G;
				GENERATE_INFOPLIST_FILE = YES;
				INFOPLIST_FILE = RemindMe/Info.plist;
				INFOPLIST_KEY_UIApplicationSupportsIndirectInputEvents = YES;
				INFOPLIST_KEY_UILaunchStoryboardName = LaunchScreen;
				INFOPLIST_KEY_UIMainStoryboardFile = Main;
				INFOPLIST_KEY_UISupportedInterfaceOrientations_iPad = "UIInterfaceOrientationPortrait UIInterfaceOrientationPortraitUpsideDown UIInterfaceOrientationLandscapeLeft UIInterfaceOrientationLandscapeRight";
				INFOPLIST_KEY_UISupportedInterfaceOrientations_iPhone = "UIInterfaceOrientationPortrait UIInterfaceOrientationLandscapeLeft UIInterfaceOrientationLandscapeRight";
				LD_RUNPATH_SEARCH_PATHS = (
					"$(inherited)",
					"@executable_path/Frameworks",
				);
				MARKETING_VERSION = 1.0;
				PRODUCT_BUNDLE_IDENTIFIER = com.binal.RemindMe;
				PRODUCT_NAME = "$(TARGET_NAME)";
				SWIFT_EMIT_LOC_STRINGS = YES;
				SWIFT_VERSION = 5.0;
				TARGETED_DEVICE_FAMILY = "1,2";
			};
			name = Release;
		};
/* End XCBuildConfiguration section */

/* Begin XCConfigurationList section */
		B141BBD42889DF2C00EAB475 /* Build configuration list for PBXProject "RemindMe" */ = {
			isa = XCConfigurationList;
			buildConfigurations = (
				B141BBEB2889DF2E00EAB475 /* Debug */,
				B141BBEC2889DF2E00EAB475 /* Release */,
			);
			defaultConfigurationIsVisible = 0;
			defaultConfigurationName = Release;
		};
		B141BBED2889DF2E00EAB475 /* Build configuration list for PBXNativeTarget "RemindMe" */ = {
			isa = XCConfigurationList;
			buildConfigurations = (
				B141BBEE2889DF2E00EAB475 /* Debug */,
				B141BBEF2889DF2E00EAB475 /* Release */,
			);
			defaultConfigurationIsVisible = 0;
			defaultConfigurationName = Release;
		};
/* End XCConfigurationList section */
	};
	rootObject = B141BBD12889DF2C00EAB475 /* Project object */;
}
